// !$*UTF8*$!
{
	archiveVersion = 1;
	classes = {
	};
	objectVersion = 50;
	objects = {

/* Begin PBXBuildFile section */
		69A0E51D22D5307700A55CEA /* ContactCell.swift in Sources */ = {isa = PBXBuildFile; fileRef = 69A0E51C22D5307700A55CEA /* ContactCell.swift */; };
		69A0E52022D530C700A55CEA /* ContactViewModel.swift in Sources */ = {isa = PBXBuildFile; fileRef = 69A0E51F22D530C700A55CEA /* ContactViewModel.swift */; };
		69A0E52622D530F300A55CEA /* Location.swift in Sources */ = {isa = PBXBuildFile; fileRef = 69A0E52122D530F200A55CEA /* Location.swift */; };
		69A0E52722D530F300A55CEA /* Contact.swift in Sources */ = {isa = PBXBuildFile; fileRef = 69A0E52222D530F200A55CEA /* Contact.swift */; };
		69A0E52822D530F300A55CEA /* EmailData.swift in Sources */ = {isa = PBXBuildFile; fileRef = 69A0E52322D530F200A55CEA /* EmailData.swift */; };
		69A0E52922D530F300A55CEA /* PhoneData.swift in Sources */ = {isa = PBXBuildFile; fileRef = 69A0E52422D530F200A55CEA /* PhoneData.swift */; };
		69A0E52A22D530F300A55CEA /* LocationData.swift in Sources */ = {isa = PBXBuildFile; fileRef = 69A0E52522D530F300A55CEA /* LocationData.swift */; };
		69B1015422D51F0E00C078D5 /* AppDelegate.swift in Sources */ = {isa = PBXBuildFile; fileRef = 69B1015322D51F0E00C078D5 /* AppDelegate.swift */; };
		69B1015922D51F0E00C078D5 /* Main.storyboard in Resources */ = {isa = PBXBuildFile; fileRef = 69B1015722D51F0E00C078D5 /* Main.storyboard */; };
		69B1015E22D51F1000C078D5 /* Assets.xcassets in Resources */ = {isa = PBXBuildFile; fileRef = 69B1015D22D51F1000C078D5 /* Assets.xcassets */; };
		69B1016122D51F1000C078D5 /* LaunchScreen.storyboard in Resources */ = {isa = PBXBuildFile; fileRef = 69B1015F22D51F1000C078D5 /* LaunchScreen.storyboard */; };
		69B1016C22D51F1000C078D5 /* ContactListTests.swift in Sources */ = {isa = PBXBuildFile; fileRef = 69B1016B22D51F1000C078D5 /* ContactListTests.swift */; };
		69B1017922D51FB900C078D5 /* ContactList.xcdatamodeld in Sources */ = {isa = PBXBuildFile; fileRef = 69B1017722D51FB900C078D5 /* ContactList.xcdatamodeld */; };
		69B1017B22D51FC500C078D5 /* CoreDataStack.swift in Sources */ = {isa = PBXBuildFile; fileRef = 69B1017A22D51FC500C078D5 /* CoreDataStack.swift */; };
		69B1017F22D5271100C078D5 /* ContactsViewController.swift in Sources */ = {isa = PBXBuildFile; fileRef = 69B1017E22D5271100C078D5 /* ContactsViewController.swift */; };
		69D57CF022D79FDC00239AA8 /* ContactsController.swift in Sources */ = {isa = PBXBuildFile; fileRef = 69D57CEF22D79FDC00239AA8 /* ContactsController.swift */; };
		69D57CF322D7A22A00239AA8 /* UIViewController+Util.swift in Sources */ = {isa = PBXBuildFile; fileRef = 69D57CF222D7A22A00239AA8 /* UIViewController+Util.swift */; };
		69D57CF522D7A2EA00239AA8 /* StoryboardHelpers.swift in Sources */ = {isa = PBXBuildFile; fileRef = 69D57CF422D7A2EA00239AA8 /* StoryboardHelpers.swift */; };
/* End PBXBuildFile section */

/* Begin PBXContainerItemProxy section */
		69B1016822D51F1000C078D5 /* PBXContainerItemProxy */ = {
			isa = PBXContainerItemProxy;
			containerPortal = 69B1014822D51F0E00C078D5 /* Project object */;
			proxyType = 1;
			remoteGlobalIDString = 69B1014F22D51F0E00C078D5;
			remoteInfo = ContactList;
		};
/* End PBXContainerItemProxy section */

/* Begin PBXFileReference section */
		69A0E51C22D5307700A55CEA /* ContactCell.swift */ = {isa = PBXFileReference; fileEncoding = 4; lastKnownFileType = sourcecode.swift; path = ContactCell.swift; sourceTree = "<group>"; };
		69A0E51F22D530C700A55CEA /* ContactViewModel.swift */ = {isa = PBXFileReference; fileEncoding = 4; lastKnownFileType = sourcecode.swift; path = ContactViewModel.swift; sourceTree = "<group>"; };
		69A0E52122D530F200A55CEA /* Location.swift */ = {isa = PBXFileReference; fileEncoding = 4; lastKnownFileType = sourcecode.swift; path = Location.swift; sourceTree = "<group>"; };
		69A0E52222D530F200A55CEA /* Contact.swift */ = {isa = PBXFileReference; fileEncoding = 4; lastKnownFileType = sourcecode.swift; path = Contact.swift; sourceTree = "<group>"; };
		69A0E52322D530F200A55CEA /* EmailData.swift */ = {isa = PBXFileReference; fileEncoding = 4; lastKnownFileType = sourcecode.swift; path = EmailData.swift; sourceTree = "<group>"; };
		69A0E52422D530F200A55CEA /* PhoneData.swift */ = {isa = PBXFileReference; fileEncoding = 4; lastKnownFileType = sourcecode.swift; path = PhoneData.swift; sourceTree = "<group>"; };
		69A0E52522D530F300A55CEA /* LocationData.swift */ = {isa = PBXFileReference; fileEncoding = 4; lastKnownFileType = sourcecode.swift; path = LocationData.swift; sourceTree = "<group>"; };
		69B1015022D51F0E00C078D5 /* ContactList.app */ = {isa = PBXFileReference; explicitFileType = wrapper.application; includeInIndex = 0; path = ContactList.app; sourceTree = BUILT_PRODUCTS_DIR; };
		69B1015322D51F0E00C078D5 /* AppDelegate.swift */ = {isa = PBXFileReference; lastKnownFileType = sourcecode.swift; path = AppDelegate.swift; sourceTree = "<group>"; };
		69B1015822D51F0E00C078D5 /* Base */ = {isa = PBXFileReference; lastKnownFileType = file.storyboard; name = Base; path = Base.lproj/Main.storyboard; sourceTree = "<group>"; };
		69B1015D22D51F1000C078D5 /* Assets.xcassets */ = {isa = PBXFileReference; lastKnownFileType = folder.assetcatalog; path = Assets.xcassets; sourceTree = "<group>"; };
		69B1016022D51F1000C078D5 /* Base */ = {isa = PBXFileReference; lastKnownFileType = file.storyboard; name = Base; path = Base.lproj/LaunchScreen.storyboard; sourceTree = "<group>"; };
		69B1016222D51F1000C078D5 /* Info.plist */ = {isa = PBXFileReference; lastKnownFileType = text.plist.xml; path = Info.plist; sourceTree = "<group>"; };
		69B1016722D51F1000C078D5 /* ContactListTests.xctest */ = {isa = PBXFileReference; explicitFileType = wrapper.cfbundle; includeInIndex = 0; path = ContactListTests.xctest; sourceTree = BUILT_PRODUCTS_DIR; };
		69B1016B22D51F1000C078D5 /* ContactListTests.swift */ = {isa = PBXFileReference; lastKnownFileType = sourcecode.swift; path = ContactListTests.swift; sourceTree = "<group>"; };
		69B1016D22D51F1000C078D5 /* Info.plist */ = {isa = PBXFileReference; lastKnownFileType = text.plist.xml; path = Info.plist; sourceTree = "<group>"; };
		69B1017822D51FB900C078D5 /* ContactList.xcdatamodel */ = {isa = PBXFileReference; lastKnownFileType = wrapper.xcdatamodel; path = ContactList.xcdatamodel; sourceTree = "<group>"; };
		69B1017A22D51FC500C078D5 /* CoreDataStack.swift */ = {isa = PBXFileReference; lastKnownFileType = sourcecode.swift; path = CoreDataStack.swift; sourceTree = "<group>"; };
		69B1017E22D5271100C078D5 /* ContactsViewController.swift */ = {isa = PBXFileReference; fileEncoding = 4; lastKnownFileType = sourcecode.swift; path = ContactsViewController.swift; sourceTree = "<group>"; };
		69D57CEF22D79FDC00239AA8 /* ContactsController.swift */ = {isa = PBXFileReference; fileEncoding = 4; lastKnownFileType = sourcecode.swift; path = ContactsController.swift; sourceTree = "<group>"; };
		69D57CF222D7A22A00239AA8 /* UIViewController+Util.swift */ = {isa = PBXFileReference; fileEncoding = 4; lastKnownFileType = sourcecode.swift; path = "UIViewController+Util.swift"; sourceTree = "<group>"; };
		69D57CF422D7A2EA00239AA8 /* StoryboardHelpers.swift */ = {isa = PBXFileReference; fileEncoding = 4; lastKnownFileType = sourcecode.swift; path = StoryboardHelpers.swift; sourceTree = "<group>"; };
/* End PBXFileReference section */

/* Begin PBXFrameworksBuildPhase section */
		69B1014D22D51F0E00C078D5 /* Frameworks */ = {
			isa = PBXFrameworksBuildPhase;
			buildActionMask = 2147483647;
			files = (
			);
			runOnlyForDeploymentPostprocessing = 0;
		};
		69B1016422D51F1000C078D5 /* Frameworks */ = {
			isa = PBXFrameworksBuildPhase;
			buildActionMask = 2147483647;
			files = (
			);
			runOnlyForDeploymentPostprocessing = 0;
		};
/* End PBXFrameworksBuildPhase section */

/* Begin PBXGroup section */
		69A0E51B22D5304400A55CEA /* Cells */ = {
			isa = PBXGroup;
			children = (
				69A0E51C22D5307700A55CEA /* ContactCell.swift */,
			);
			path = Cells;
			sourceTree = "<group>";
		};
		69A0E51E22D530AA00A55CEA /* ViewModels */ = {
			isa = PBXGroup;
			children = (
				69A0E51F22D530C700A55CEA /* ContactViewModel.swift */,
			);
			path = ViewModels;
			sourceTree = "<group>";
		};
		69B1014722D51F0E00C078D5 = {
			isa = PBXGroup;
			children = (
				69B1015222D51F0E00C078D5 /* ContactList */,
				69B1016A22D51F1000C078D5 /* ContactListTests */,
				69B1015122D51F0E00C078D5 /* Products */,
			);
			sourceTree = "<group>";
		};
		69B1015122D51F0E00C078D5 /* Products */ = {
			isa = PBXGroup;
			children = (
				69B1015022D51F0E00C078D5 /* ContactList.app */,
				69B1016722D51F1000C078D5 /* ContactListTests.xctest */,
			);
			name = Products;
			sourceTree = "<group>";
		};
		69B1015222D51F0E00C078D5 /* ContactList */ = {
			isa = PBXGroup;
			children = (
				69A0E51B22D5304400A55CEA /* Cells */,
				69D57CEE22D79FC400239AA8 /* Controllers */,
				69B1017622D51F9800C078D5 /* CoreData */,
				69D57CF122D7A21600239AA8 /* Extensions */,
				69B1017C22D5222800C078D5 /* Models */,
				69B1017D22D5223000C078D5 /* ViewControllers */,
				69A0E51E22D530AA00A55CEA /* ViewModels */,
				69B1015322D51F0E00C078D5 /* AppDelegate.swift */,
				69D57CF422D7A2EA00239AA8 /* StoryboardHelpers.swift */,
				69B1015722D51F0E00C078D5 /* Main.storyboard */,
				69B1015D22D51F1000C078D5 /* Assets.xcassets */,
				69B1015F22D51F1000C078D5 /* LaunchScreen.storyboard */,
				69B1016222D51F1000C078D5 /* Info.plist */,
			);
			path = ContactList;
			sourceTree = "<group>";
		};
		69B1016A22D51F1000C078D5 /* ContactListTests */ = {
			isa = PBXGroup;
			children = (
				69B1016B22D51F1000C078D5 /* ContactListTests.swift */,
				69B1016D22D51F1000C078D5 /* Info.plist */,
			);
			path = ContactListTests;
			sourceTree = "<group>";
		};
		69B1017622D51F9800C078D5 /* CoreData */ = {
			isa = PBXGroup;
			children = (
				69B1017A22D51FC500C078D5 /* CoreDataStack.swift */,
				69B1017722D51FB900C078D5 /* ContactList.xcdatamodeld */,
			);
			path = CoreData;
			sourceTree = "<group>";
		};
		69B1017C22D5222800C078D5 /* Models */ = {
			isa = PBXGroup;
			children = (
				69A0E52222D530F200A55CEA /* Contact.swift */,
				69A0E52322D530F200A55CEA /* EmailData.swift */,
				69A0E52122D530F200A55CEA /* Location.swift */,
				69A0E52522D530F300A55CEA /* LocationData.swift */,
				69A0E52422D530F200A55CEA /* PhoneData.swift */,
			);
			path = Models;
			sourceTree = "<group>";
		};
		69B1017D22D5223000C078D5 /* ViewControllers */ = {
			isa = PBXGroup;
			children = (
				69B1017E22D5271100C078D5 /* ContactsViewController.swift */,
			);
			path = ViewControllers;
			sourceTree = "<group>";
		};
		69D57CEE22D79FC400239AA8 /* Controllers */ = {
			isa = PBXGroup;
			children = (
				69D57CEF22D79FDC00239AA8 /* ContactsController.swift */,
			);
			path = Controllers;
			sourceTree = "<group>";
		};
		69D57CF122D7A21600239AA8 /* Extensions */ = {
			isa = PBXGroup;
			children = (
				69D57CF222D7A22A00239AA8 /* UIViewController+Util.swift */,
			);
			path = Extensions;
			sourceTree = "<group>";
		};
/* End PBXGroup section */

/* Begin PBXNativeTarget section */
		69B1014F22D51F0E00C078D5 /* ContactList */ = {
			isa = PBXNativeTarget;
			buildConfigurationList = 69B1017022D51F1000C078D5 /* Build configuration list for PBXNativeTarget "ContactList" */;
			buildPhases = (
				69B1014C22D51F0E00C078D5 /* Sources */,
				69B1014D22D51F0E00C078D5 /* Frameworks */,
				69B1014E22D51F0E00C078D5 /* Resources */,
			);
			buildRules = (
			);
			dependencies = (
			);
			name = ContactList;
			productName = ContactList;
			productReference = 69B1015022D51F0E00C078D5 /* ContactList.app */;
			productType = "com.apple.product-type.application";
		};
		69B1016622D51F1000C078D5 /* ContactListTests */ = {
			isa = PBXNativeTarget;
			buildConfigurationList = 69B1017322D51F1000C078D5 /* Build configuration list for PBXNativeTarget "ContactListTests" */;
			buildPhases = (
				69B1016322D51F1000C078D5 /* Sources */,
				69B1016422D51F1000C078D5 /* Frameworks */,
				69B1016522D51F1000C078D5 /* Resources */,
			);
			buildRules = (
			);
			dependencies = (
				69B1016922D51F1000C078D5 /* PBXTargetDependency */,
			);
			name = ContactListTests;
			productName = ContactListTests;
			productReference = 69B1016722D51F1000C078D5 /* ContactListTests.xctest */;
			productType = "com.apple.product-type.bundle.unit-test";
		};
/* End PBXNativeTarget section */

/* Begin PBXProject section */
		69B1014822D51F0E00C078D5 /* Project object */ = {
			isa = PBXProject;
			attributes = {
				LastSwiftUpdateCheck = 1020;
				LastUpgradeCheck = 1020;
				ORGANIZATIONNAME = "Andrea Prearo";
				TargetAttributes = {
					69B1014F22D51F0E00C078D5 = {
						CreatedOnToolsVersion = 10.2.1;
					};
					69B1016622D51F1000C078D5 = {
						CreatedOnToolsVersion = 10.2.1;
						TestTargetID = 69B1014F22D51F0E00C078D5;
					};
				};
			};
			buildConfigurationList = 69B1014B22D51F0E00C078D5 /* Build configuration list for PBXProject "ContactList" */;
			compatibilityVersion = "Xcode 9.3";
			developmentRegion = en;
			hasScannedForEncodings = 0;
			knownRegions = (
				en,
				Base,
			);
			mainGroup = 69B1014722D51F0E00C078D5;
			productRefGroup = 69B1015122D51F0E00C078D5 /* Products */;
			projectDirPath = "";
			projectRoot = "";
			targets = (
				69B1014F22D51F0E00C078D5 /* ContactList */,
				69B1016622D51F1000C078D5 /* ContactListTests */,
			);
		};
/* End PBXProject section */

/* Begin PBXResourcesBuildPhase section */
		69B1014E22D51F0E00C078D5 /* Resources */ = {
			isa = PBXResourcesBuildPhase;
			buildActionMask = 2147483647;
			files = (
				69B1016122D51F1000C078D5 /* LaunchScreen.storyboard in Resources */,
				69B1015E22D51F1000C078D5 /* Assets.xcassets in Resources */,
				69B1015922D51F0E00C078D5 /* Main.storyboard in Resources */,
			);
			runOnlyForDeploymentPostprocessing = 0;
		};
		69B1016522D51F1000C078D5 /* Resources */ = {
			isa = PBXResourcesBuildPhase;
			buildActionMask = 2147483647;
			files = (
			);
			runOnlyForDeploymentPostprocessing = 0;
		};
/* End PBXResourcesBuildPhase section */

/* Begin PBXSourcesBuildPhase section */
		69B1014C22D51F0E00C078D5 /* Sources */ = {
			isa = PBXSourcesBuildPhase;
			buildActionMask = 2147483647;
			files = (
				69A0E52922D530F300A55CEA /* PhoneData.swift in Sources */,
				69A0E52A22D530F300A55CEA /* LocationData.swift in Sources */,
				69A0E51D22D5307700A55CEA /* ContactCell.swift in Sources */,
				69A0E52022D530C700A55CEA /* ContactViewModel.swift in Sources */,
				69D57CF522D7A2EA00239AA8 /* StoryboardHelpers.swift in Sources */,
				69B1017922D51FB900C078D5 /* ContactList.xcdatamodeld in Sources */,
				69B1015422D51F0E00C078D5 /* AppDelegate.swift in Sources */,
				69D57CF322D7A22A00239AA8 /* UIViewController+Util.swift in Sources */,
				69A0E52722D530F300A55CEA /* Contact.swift in Sources */,
				69A0E52822D530F300A55CEA /* EmailData.swift in Sources */,
				69A0E52622D530F300A55CEA /* Location.swift in Sources */,
				69B1017B22D51FC500C078D5 /* CoreDataStack.swift in Sources */,
				69D57CF022D79FDC00239AA8 /* ContactsController.swift in Sources */,
				69B1017F22D5271100C078D5 /* ContactsViewController.swift in Sources */,
			);
			runOnlyForDeploymentPostprocessing = 0;
		};
		69B1016322D51F1000C078D5 /* Sources */ = {
			isa = PBXSourcesBuildPhase;
			buildActionMask = 2147483647;
			files = (
				69B1016C22D51F1000C078D5 /* ContactListTests.swift in Sources */,
			);
			runOnlyForDeploymentPostprocessing = 0;
		};
/* End PBXSourcesBuildPhase section */

/* Begin PBXTargetDependency section */
		69B1016922D51F1000C078D5 /* PBXTargetDependency */ = {
			isa = PBXTargetDependency;
			target = 69B1014F22D51F0E00C078D5 /* ContactList */;
			targetProxy = 69B1016822D51F1000C078D5 /* PBXContainerItemProxy */;
		};
/* End PBXTargetDependency section */

/* Begin PBXVariantGroup section */
		69B1015722D51F0E00C078D5 /* Main.storyboard */ = {
			isa = PBXVariantGroup;
			children = (
				69B1015822D51F0E00C078D5 /* Base */,
			);
			name = Main.storyboard;
			sourceTree = "<group>";
		};
		69B1015F22D51F1000C078D5 /* LaunchScreen.storyboard */ = {
			isa = PBXVariantGroup;
			children = (
				69B1016022D51F1000C078D5 /* Base */,
			);
			name = LaunchScreen.storyboard;
			sourceTree = "<group>";
		};
/* End PBXVariantGroup section */

/* Begin XCBuildConfiguration section */
		69B1016E22D51F1000C078D5 /* Debug */ = {
			isa = XCBuildConfiguration;
			buildSettings = {
				ALWAYS_SEARCH_USER_PATHS = NO;
				CLANG_ANALYZER_NONNULL = YES;
				CLANG_ANALYZER_NUMBER_OBJECT_CONVERSION = YES_AGGRESSIVE;
				CLANG_CXX_LANGUAGE_STANDARD = "gnu++14";
				CLANG_CXX_LIBRARY = "libc++";
				CLANG_ENABLE_MODULES = YES;
				CLANG_ENABLE_OBJC_ARC = YES;
				CLANG_ENABLE_OBJC_WEAK = YES;
				CLANG_WARN_BLOCK_CAPTURE_AUTORELEASING = YES;
				CLANG_WARN_BOOL_CONVERSION = YES;
				CLANG_WARN_COMMA = YES;
				CLANG_WARN_CONSTANT_CONVERSION = YES;
				CLANG_WARN_DEPRECATED_OBJC_IMPLEMENTATIONS = YES;
				CLANG_WARN_DIRECT_OBJC_ISA_USAGE = YES_ERROR;
				CLANG_WARN_DOCUMENTATION_COMMENTS = YES;
				CLANG_WARN_EMPTY_BODY = YES;
				CLANG_WARN_ENUM_CONVERSION = YES;
				CLANG_WARN_INFINITE_RECURSION = YES;
				CLANG_WARN_INT_CONVERSION = YES;
				CLANG_WARN_NON_LITERAL_NULL_CONVERSION = YES;
				CLANG_WARN_OBJC_IMPLICIT_RETAIN_SELF = YES;
				CLANG_WARN_OBJC_LITERAL_CONVERSION = YES;
				CLANG_WARN_OBJC_ROOT_CLASS = YES_ERROR;
				CLANG_WARN_RANGE_LOOP_ANALYSIS = YES;
				CLANG_WARN_STRICT_PROTOTYPES = YES;
				CLANG_WARN_SUSPICIOUS_MOVE = YES;
				CLANG_WARN_UNGUARDED_AVAILABILITY = YES_AGGRESSIVE;
				CLANG_WARN_UNREACHABLE_CODE = YES;
				CLANG_WARN__DUPLICATE_METHOD_MATCH = YES;
				CODE_SIGN_IDENTITY = "iPhone Developer";
				COPY_PHASE_STRIP = NO;
				DEBUG_INFORMATION_FORMAT = dwarf;
				ENABLE_STRICT_OBJC_MSGSEND = YES;
				ENABLE_TESTABILITY = YES;
				GCC_C_LANGUAGE_STANDARD = gnu11;
				GCC_DYNAMIC_NO_PIC = NO;
				GCC_NO_COMMON_BLOCKS = YES;
				GCC_OPTIMIZATION_LEVEL = 0;
				GCC_PREPROCESSOR_DEFINITIONS = (
					"DEBUG=1",
					"$(inherited)",
				);
				GCC_WARN_64_TO_32_BIT_CONVERSION = YES;
				GCC_WARN_ABOUT_RETURN_TYPE = YES_ERROR;
				GCC_WARN_UNDECLARED_SELECTOR = YES;
				GCC_WARN_UNINITIALIZED_AUTOS = YES_AGGRESSIVE;
				GCC_WARN_UNUSED_FUNCTION = YES;
				GCC_WARN_UNUSED_VARIABLE = YES;
				IPHONEOS_DEPLOYMENT_TARGET = 12.2;
				MTL_ENABLE_DEBUG_INFO = INCLUDE_SOURCE;
				MTL_FAST_MATH = YES;
				ONLY_ACTIVE_ARCH = YES;
				SDKROOT = iphoneos;
				SWIFT_ACTIVE_COMPILATION_CONDITIONS = DEBUG;
				SWIFT_OPTIMIZATION_LEVEL = "-Onone";
			};
			name = Debug;
		};
		69B1016F22D51F1000C078D5 /* Release */ = {
			isa = XCBuildConfiguration;
			buildSettings = {
				ALWAYS_SEARCH_USER_PATHS = NO;
				CLANG_ANALYZER_NONNULL = YES;
				CLANG_ANALYZER_NUMBER_OBJECT_CONVERSION = YES_AGGRESSIVE;
				CLANG_CXX_LANGUAGE_STANDARD = "gnu++14";
				CLANG_CXX_LIBRARY = "libc++";
				CLANG_ENABLE_MODULES = YES;
				CLANG_ENABLE_OBJC_ARC = YES;
				CLANG_ENABLE_OBJC_WEAK = YES;
				CLANG_WARN_BLOCK_CAPTURE_AUTORELEASING = YES;
				CLANG_WARN_BOOL_CONVERSION = YES;
				CLANG_WARN_COMMA = YES;
				CLANG_WARN_CONSTANT_CONVERSION = YES;
				CLANG_WARN_DEPRECATED_OBJC_IMPLEMENTATIONS = YES;
				CLANG_WARN_DIRECT_OBJC_ISA_USAGE = YES_ERROR;
				CLANG_WARN_DOCUMENTATION_COMMENTS = YES;
				CLANG_WARN_EMPTY_BODY = YES;
				CLANG_WARN_ENUM_CONVERSION = YES;
				CLANG_WARN_INFINITE_RECURSION = YES;
				CLANG_WARN_INT_CONVERSION = YES;
				CLANG_WARN_NON_LITERAL_NULL_CONVERSION = YES;
				CLANG_WARN_OBJC_IMPLICIT_RETAIN_SELF = YES;
				CLANG_WARN_OBJC_LITERAL_CONVERSION = YES;
				CLANG_WARN_OBJC_ROOT_CLASS = YES_ERROR;
				CLANG_WARN_RANGE_LOOP_ANALYSIS = YES;
				CLANG_WARN_STRICT_PROTOTYPES = YES;
				CLANG_WARN_SUSPICIOUS_MOVE = YES;
				CLANG_WARN_UNGUARDED_AVAILABILITY = YES_AGGRESSIVE;
				CLANG_WARN_UNREACHABLE_CODE = YES;
				CLANG_WARN__DUPLICATE_METHOD_MATCH = YES;
				CODE_SIGN_IDENTITY = "iPhone Developer";
				COPY_PHASE_STRIP = NO;
				DEBUG_INFORMATION_FORMAT = "dwarf-with-dsym";
				ENABLE_NS_ASSERTIONS = NO;
				ENABLE_STRICT_OBJC_MSGSEND = YES;
				GCC_C_LANGUAGE_STANDARD = gnu11;
				GCC_NO_COMMON_BLOCKS = YES;
				GCC_WARN_64_TO_32_BIT_CONVERSION = YES;
				GCC_WARN_ABOUT_RETURN_TYPE = YES_ERROR;
				GCC_WARN_UNDECLARED_SELECTOR = YES;
				GCC_WARN_UNINITIALIZED_AUTOS = YES_AGGRESSIVE;
				GCC_WARN_UNUSED_FUNCTION = YES;
				GCC_WARN_UNUSED_VARIABLE = YES;
				IPHONEOS_DEPLOYMENT_TARGET = 12.2;
				MTL_ENABLE_DEBUG_INFO = NO;
				MTL_FAST_MATH = YES;
				SDKROOT = iphoneos;
				SWIFT_COMPILATION_MODE = wholemodule;
				SWIFT_OPTIMIZATION_LEVEL = "-O";
				VALIDATE_PRODUCT = YES;
			};
			name = Release;
		};
		69B1017122D51F1000C078D5 /* Debug */ = {
			isa = XCBuildConfiguration;
			buildSettings = {
				ASSETCATALOG_COMPILER_APPICON_NAME = AppIcon;
				CODE_SIGN_STYLE = Automatic;
				INFOPLIST_FILE = ContactList/Info.plist;
				LD_RUNPATH_SEARCH_PATHS = (
					"$(inherited)",
					"@executable_path/Frameworks",
				);
				PRODUCT_BUNDLE_IDENTIFIER = com.aprearo.ContactList;
				PRODUCT_NAME = "$(TARGET_NAME)";
				SWIFT_VERSION = 5.0;
				TARGETED_DEVICE_FAMILY = "1,2";
			};
			name = Debug;
		};
		69B1017222D51F1000C078D5 /* Release */ = {
			isa = XCBuildConfiguration;
			buildSettings = {
				ASSETCATALOG_COMPILER_APPICON_NAME = AppIcon;
				CODE_SIGN_STYLE = Automatic;
				INFOPLIST_FILE = ContactList/Info.plist;
				LD_RUNPATH_SEARCH_PATHS = (
					"$(inherited)",
					"@executable_path/Frameworks",
				);
				PRODUCT_BUNDLE_IDENTIFIER = com.aprearo.ContactList;
				PRODUCT_NAME = "$(TARGET_NAME)";
				SWIFT_VERSION = 5.0;
				TARGETED_DEVICE_FAMILY = "1,2";
			};
			name = Release;
		};
		69B1017422D51F1000C078D5 /* Debug */ = {
			isa = XCBuildConfiguration;
			buildSettings = {
				ALWAYS_EMBED_SWIFT_STANDARD_LIBRARIES = YES;
				BUNDLE_LOADER = "$(TEST_HOST)";
				CODE_SIGN_STYLE = Automatic;
				INFOPLIST_FILE = ContactListTests/Info.plist;
				LD_RUNPATH_SEARCH_PATHS = (
					"$(inherited)",
					"@executable_path/Frameworks",
					"@loader_path/Frameworks",
				);
				PRODUCT_BUNDLE_IDENTIFIER = com.aprearo.ContactListTests;
				PRODUCT_NAME = "$(TARGET_NAME)";
				SWIFT_VERSION = 5.0;
				TARGETED_DEVICE_FAMILY = "1,2";
				TEST_HOST = "$(BUILT_PRODUCTS_DIR)/ContactList.app/ContactList";
			};
			name = Debug;
		};
		69B1017522D51F1000C078D5 /* Release */ = {
			isa = XCBuildConfiguration;
			buildSettings = {
				ALWAYS_EMBED_SWIFT_STANDARD_LIBRARIES = YES;
				BUNDLE_LOADER = "$(TEST_HOST)";
				CODE_SIGN_STYLE = Automatic;
				INFOPLIST_FILE = ContactListTests/Info.plist;
				LD_RUNPATH_SEARCH_PATHS = (
					"$(inherited)",
					"@executable_path/Frameworks",
					"@loader_path/Frameworks",
				);
				PRODUCT_BUNDLE_IDENTIFIER = com.aprearo.ContactListTests;
				PRODUCT_NAME = "$(TARGET_NAME)";
				SWIFT_VERSION = 5.0;
				TARGETED_DEVICE_FAMILY = "1,2";
				TEST_HOST = "$(BUILT_PRODUCTS_DIR)/ContactList.app/ContactList";
			};
			name = Release;
		};
/* End XCBuildConfiguration section */

/* Begin XCConfigurationList section */
		69B1014B22D51F0E00C078D5 /* Build configuration list for PBXProject "ContactList" */ = {
			isa = XCConfigurationList;
			buildConfigurations = (
				69B1016E22D51F1000C078D5 /* Debug */,
				69B1016F22D51F1000C078D5 /* Release */,
			);
			defaultConfigurationIsVisible = 0;
			defaultConfigurationName = Release;
		};
		69B1017022D51F1000C078D5 /* Build configuration list for PBXNativeTarget "ContactList" */ = {
			isa = XCConfigurationList;
			buildConfigurations = (
				69B1017122D51F1000C078D5 /* Debug */,
				69B1017222D51F1000C078D5 /* Release */,
			);
			defaultConfigurationIsVisible = 0;
			defaultConfigurationName = Release;
		};
		69B1017322D51F1000C078D5 /* Build configuration list for PBXNativeTarget "ContactListTests" */ = {
			isa = XCConfigurationList;
			buildConfigurations = (
				69B1017422D51F1000C078D5 /* Debug */,
				69B1017522D51F1000C078D5 /* Release */,
			);
			defaultConfigurationIsVisible = 0;
			defaultConfigurationName = Release;
		};
/* End XCConfigurationList section */

/* Begin XCVersionGroup section */
		69B1017722D51FB900C078D5 /* ContactList.xcdatamodeld */ = {
			isa = XCVersionGroup;
			children = (
				69B1017822D51FB900C078D5 /* ContactList.xcdatamodel */,
			);
			currentVersion = 69B1017822D51FB900C078D5 /* ContactList.xcdatamodel */;
			path = ContactList.xcdatamodeld;
			sourceTree = "<group>";
			versionGroupType = wrapper.xcdatamodel;
		};
/* End XCVersionGroup section */
	};
	rootObject = 69B1014822D51F0E00C078D5 /* Project object */;
}
